// !$*UTF8*$!
{
	archiveVersion = 1;
	classes = {
	};
	objectVersion = 50;
	objects = {

/* Begin PBXBuildFile section */
		3E137173212B0E6200B206CC /* LocalAuthentication.framework in Frameworks */ = {isa = PBXBuildFile; fileRef = 3E137172212B0E6100B206CC /* LocalAuthentication.framework */; };
		4EBCE6B0212A595B00A0672D /* ForgotViewController.m in Sources */ = {isa = PBXBuildFile; fileRef = 4EBCE6AF212A595B00A0672D /* ForgotViewController.m */; };
		4EBCE6B4212A5E1000A0672D /* NoIntenetViewController.m in Sources */ = {isa = PBXBuildFile; fileRef = 4EBCE6B3212A5E1000A0672D /* NoIntenetViewController.m */; };
		4EBCE6B7212A8A4700A0672D /* close_white@2x.png in Resources */ = {isa = PBXBuildFile; fileRef = 4EBCE6B5212A8A4700A0672D /* close_white@2x.png */; };
		4EBCE6B8212A8A4700A0672D /* close_white@3x.png in Resources */ = {isa = PBXBuildFile; fileRef = 4EBCE6B6212A8A4700A0672D /* close_white@3x.png */; };
		4EBCE6BB212AACE600A0672D /* NoticeViewController.m in Sources */ = {isa = PBXBuildFile; fileRef = 4EBCE6BA212AACE600A0672D /* NoticeViewController.m */; };
		4EBCE6C1212BF76500A0672D /* ContactViewController.m in Sources */ = {isa = PBXBuildFile; fileRef = 4EBCE6C0212BF76500A0672D /* ContactViewController.m */; };
		4EBCE6C5212D0AED00A0672D /* ContactTableViewCell.m in Sources */ = {isa = PBXBuildFile; fileRef = 4EBCE6C4212D0AED00A0672D /* ContactTableViewCell.m */; };
		4EBCE6C8212D0DF000A0672D /* MagazineTableViewCell.m in Sources */ = {isa = PBXBuildFile; fileRef = 4EBCE6C7212D0DF000A0672D /* MagazineTableViewCell.m */; };
		4EBCE6CF212D2CF000A0672D /* photo@3x.png in Resources */ = {isa = PBXBuildFile; fileRef = 4EBCE6CD212D2CF000A0672D /* photo@3x.png */; };
		4EBCE6D0212D2CF000A0672D /* photo@2x.png in Resources */ = {isa = PBXBuildFile; fileRef = 4EBCE6CE212D2CF000A0672D /* photo@2x.png */; };
		4EBCE6D7212D62DF00A0672D /* close_select@3x.png in Resources */ = {isa = PBXBuildFile; fileRef = 4EBCE6D5212D62DF00A0672D /* close_select@3x.png */; };
		4EBCE6D8212D62DF00A0672D /* close_select@2x.png in Resources */ = {isa = PBXBuildFile; fileRef = 4EBCE6D6212D62DF00A0672D /* close_select@2x.png */; };
		4EBCE6DB212D6D8600A0672D /* ResetPwdViewController.m in Sources */ = {isa = PBXBuildFile; fileRef = 4EBCE6DA212D6D8600A0672D /* ResetPwdViewController.m */; };
		4EBCE6E2212EABF100A0672D /* delete@2x.png in Resources */ = {isa = PBXBuildFile; fileRef = 4EBCE6E0212EABF000A0672D /* delete@2x.png */; };
		4EBCE6E3212EABF100A0672D /* delete@3x.png in Resources */ = {isa = PBXBuildFile; fileRef = 4EBCE6E1212EABF000A0672D /* delete@3x.png */; };
		574B3A23212338DF00C37095 /* AppDelegate.m in Sources */ = {isa = PBXBuildFile; fileRef = 574B3A22212338DF00C37095 /* AppDelegate.m */; };
		574B3A2B212338E100C37095 /* Assets.xcassets in Resources */ = {isa = PBXBuildFile; fileRef = 574B3A2A212338E100C37095 /* Assets.xcassets */; };
		574B3A31212338E100C37095 /* main.m in Sources */ = {isa = PBXBuildFile; fileRef = 574B3A30212338E100C37095 /* main.m */; };
		57B0990721256E840010597B /* bg_1.png in Resources */ = {isa = PBXBuildFile; fileRef = 57B0990121256E830010597B /* bg_1.png */; };
		57B0990821256E840010597B /* bg_3.png in Resources */ = {isa = PBXBuildFile; fileRef = 57B0990221256E830010597B /* bg_3.png */; };
		57B0990921256E840010597B /* close.png in Resources */ = {isa = PBXBuildFile; fileRef = 57B0990321256E830010597B /* close.png */; };
		57B0990A21256E840010597B /* linked_in.png in Resources */ = {isa = PBXBuildFile; fileRef = 57B0990421256E840010597B /* linked_in.png */; };
		57B0990B21256E840010597B /* bg_2.png in Resources */ = {isa = PBXBuildFile; fileRef = 57B0990521256E840010597B /* bg_2.png */; };
		74888DD7A002409EC2480DF8 /* libPods-dentist.a in Frameworks */ = {isa = PBXBuildFile; fileRef = D18A46C0F072296ED5347389 /* libPods-dentist.a */; };
		BFCE80B42123CB59008F3A7F /* Localizable.strings in Resources */ = {isa = PBXBuildFile; fileRef = BFCE80B62123CB59008F3A7F /* Localizable.strings */; };
		C5EEA01D497543752B092927 /* UIImage+customed.m in Sources */ = {isa = PBXBuildFile; fileRef = C5EEADB73500333182433F3A /* UIImage+customed.m */; };
		C5EEA02ADD33548D359371DD /* WelcomController.m in Sources */ = {isa = PBXBuildFile; fileRef = C5EEAC3BE69CD7BD9524FE69 /* WelcomController.m */; };
		C5EEA02BC51E205A72A959F8 /* Colors.m in Sources */ = {isa = PBXBuildFile; fileRef = C5EEAA800E95F5D4324195EC /* Colors.m */; };
		C5EEA18592C8A1D19E19C161 /* ok@3x.png in Resources */ = {isa = PBXBuildFile; fileRef = C5EEA64F84AE34B5F5F79A7F /* ok@3x.png */; };
		C5EEA1CB9C55E45C1CF0F710 /* UIUtil.m in Sources */ = {isa = PBXBuildFile; fileRef = C5EEAF2F67ED58D35E984745 /* UIUtil.m */; };
		C5EEA1D0E4573EAC275DB65F /* in@3x.png in Resources */ = {isa = PBXBuildFile; fileRef = C5EEA0D6F3D346ABA57627E3 /* in@3x.png */; };
		C5EEA20626BFCB817FCD6BED /* linkedin.png in Resources */ = {isa = PBXBuildFile; fileRef = C5EEAC1A22AE1F31430281C0 /* linkedin.png */; };
		C5EEA2763E400C04C2570656 /* Http.m in Sources */ = {isa = PBXBuildFile; fileRef = C5EEA52D798B7B8BA9FF1CC9 /* Http.m */; };
		C5EEA2B81C84D4F3EDB29C44 /* NSMutableAttributedString+customed.m in Sources */ = {isa = PBXBuildFile; fileRef = C5EEAC36ADFF1B9F8DEBA913 /* NSMutableAttributedString+customed.m */; };
		C5EEA2BA0180646BF8FF57BF /* Platform.m in Sources */ = {isa = PBXBuildFile; fileRef = C5EEAA9D22157E0B66DD5102 /* Platform.m */; };
		C5EEA2ECCE69B6CBF0D20BA6 /* BaseController.m in Sources */ = {isa = PBXBuildFile; fileRef = C5EEA1491E2D8BE3A1E73723 /* BaseController.m */; };
		C5EEA304546737C29C822865 /* inkedin@3x.png in Resources */ = {isa = PBXBuildFile; fileRef = C5EEA30917CCFA40C14CC248 /* inkedin@3x.png */; };
		C5EEA3833E70FE8F978304CF /* checkbox_on.png in Resources */ = {isa = PBXBuildFile; fileRef = C5EEA774D7153D4B1BEEBA57 /* checkbox_on.png */; };
		C5EEA3A502FE5013902AD3AF /* logo_white@3x.png in Resources */ = {isa = PBXBuildFile; fileRef = C5EEA9A86503708DA9E3869E /* logo_white@3x.png */; };
		C5EEA3D1EFA2848BAA028E53 /* UIButton+styled.m in Sources */ = {isa = PBXBuildFile; fileRef = C5EEA4B43DAD528FED6AD329 /* UIButton+styled.m */; };
		C5EEA3FB2294B0B512A2C1DB /* in@2x.png in Resources */ = {isa = PBXBuildFile; fileRef = C5EEAE085D2BEF383E4F2BA8 /* in@2x.png */; };
		C5EEA409953B93D9D6261C83 /* Async.m in Sources */ = {isa = PBXBuildFile; fileRef = C5EEA9AC0839884D27DA2ABA /* Async.m */; };
		C5EEA4A6B29832302A53D7B1 /* error@3x.png in Resources */ = {isa = PBXBuildFile; fileRef = C5EEA18EB9B95E5485DE66DA /* error@3x.png */; };
		C5EEA55691F65C5A3EF946AF /* checkbox@2x.png in Resources */ = {isa = PBXBuildFile; fileRef = C5EEABC349DD6EA092977CF3 /* checkbox@2x.png */; };
		C5EEA58E4CCF4C3F8599B771 /* MASConstraintMaker+myextend.m in Sources */ = {isa = PBXBuildFile; fileRef = C5EEA987B083DB10CDE9D9E0 /* MASConstraintMaker+myextend.m */; };
		C5EEA5EB7EC226DCBF96A2BA /* UIImageView+customed.m in Sources */ = {isa = PBXBuildFile; fileRef = C5EEAD7327CBF1E95FF96367 /* UIImageView+customed.m */; };
		C5EEA65E44E172FEB6482668 /* checkbox@3x.png in Resources */ = {isa = PBXBuildFile; fileRef = C5EEAAFB2FA0ECFDCC818D1D /* checkbox@3x.png */; };
		C5EEA67C449F8DEC5FF529A2 /* back.png in Resources */ = {isa = PBXBuildFile; fileRef = C5EEA48BF55947D0882B84F7 /* back.png */; };
		C5EEA70CAD83A3FEE9B6BD2C /* UILabel+customed.m in Sources */ = {isa = PBXBuildFile; fileRef = C5EEAA94A55CA2EC9E7D9694 /* UILabel+customed.m */; };
		C5EEA75037810F6772CD2C4F /* inkedin@2x.png in Resources */ = {isa = PBXBuildFile; fileRef = C5EEABB3CEAC436B6E598EC8 /* inkedin@2x.png */; };
		C5EEA77FC67A0537194AE788 /* StudentController.m in Sources */ = {isa = PBXBuildFile; fileRef = C5EEA36D27849EDE93EE982E /* StudentController.m */; };
		C5EEA83B50B6C4A767E00729 /* UIControl+customed.m in Sources */ = {isa = PBXBuildFile; fileRef = C5EEAD9C9F70275E545F3182 /* UIControl+customed.m */; };
		C5EEA8D0D8605D45129064DB /* UITextField+styled.m in Sources */ = {isa = PBXBuildFile; fileRef = C5EEAAE437209CC4CB67759E /* UITextField+styled.m */; };
		C5EEA97A363C02981633699C /* StackLayout.m in Sources */ = {isa = PBXBuildFile; fileRef = C5EEA5618C6AF14B04224B97 /* StackLayout.m */; };
		C5EEA9C145CEE1C7091EA50F /* info@3x.png in Resources */ = {isa = PBXBuildFile; fileRef = C5EEAE3E82D71BB36A5623A5 /* info@3x.png */; };
		C5EEA9C826673B94007566E8 /* checkbox_on@2x.png in Resources */ = {isa = PBXBuildFile; fileRef = C5EEA26491F4A964247D88D3 /* checkbox_on@2x.png */; };
		C5EEA9E893F712BA5CC4938D /* TextSize.m in Sources */ = {isa = PBXBuildFile; fileRef = C5EEACBC931939B104FC3D13 /* TextSize.m */; };
		C5EEA9F6FFD32D08ABB00CE8 /* UIView+customed.m in Sources */ = {isa = PBXBuildFile; fileRef = C5EEABE85BEEC4C83787521E /* UIView+customed.m */; };
		C5EEAA269C87F480239BF21E /* TapGesture.m in Sources */ = {isa = PBXBuildFile; fileRef = C5EEA26FE0A8A22D3399DE3E /* TapGesture.m */; };
		C5EEAAE976626BD0AD7F87A8 /* in.png in Resources */ = {isa = PBXBuildFile; fileRef = C5EEA8718BE48E66BCDCCD90 /* in.png */; };
		C5EEAB1B08FE088DAFBA7763 /* Fonts.m in Sources */ = {isa = PBXBuildFile; fileRef = C5EEAC56322EB38F34BC5D19 /* Fonts.m */; };
		C5EEAB39CFA076691E67BA42 /* info.png in Resources */ = {isa = PBXBuildFile; fileRef = C5EEAF174673741A891E08C7 /* info.png */; };
		C5EEAB41E3778F15DF2278B3 /* RegController.m in Sources */ = {isa = PBXBuildFile; fileRef = C5EEA2081FE1E7048216CB0F /* RegController.m */; };
		C5EEAC84691A5246841E615B /* info@2x.png in Resources */ = {isa = PBXBuildFile; fileRef = C5EEA7921005BA1AD231EC66 /* info@2x.png */; };
		C5EEAD7DA53655763EF20965 /* UIScreen+customed.m in Sources */ = {isa = PBXBuildFile; fileRef = C5EEAF6B331211FDA925279D /* UIScreen+customed.m */; };
		C5EEAD868056CEA29BDACC95 /* logo@3x.png in Resources */ = {isa = PBXBuildFile; fileRef = C5EEAFA6847EBD5CB2040106 /* logo@3x.png */; };
		C5EEAE3B78A71516A252C86F /* StackLayoutItem.m in Sources */ = {isa = PBXBuildFile; fileRef = C5EEAF6550A8BFEA1922A8F1 /* StackLayoutItem.m */; };
		C5EEAE562042AC89740F25B0 /* checkbox.png in Resources */ = {isa = PBXBuildFile; fileRef = C5EEAC2EE0E713EE63B492A5 /* checkbox.png */; };
		C5EEAE86F4DCB0CEF09C5B49 /* logo_white@2x.png in Resources */ = {isa = PBXBuildFile; fileRef = C5EEA0DE73B049D946E71EA1 /* logo_white@2x.png */; };
		C5EEAF2A194521DC8C0BD8A0 /* checkbox_on@3x.png in Resources */ = {isa = PBXBuildFile; fileRef = C5EEA5F9F6A770ECFEAE79BD /* checkbox_on@3x.png */; };
		C5EEAF6A040452F10D489279 /* NSString+myextend.m in Sources */ = {isa = PBXBuildFile; fileRef = C5EEA322E513676D2AD98D68 /* NSString+myextend.m */; };
		E11E10BD74EC149921ADD708 /* LoginController.m in Sources */ = {isa = PBXBuildFile; fileRef = E11E1CE1666065721BBFD75C /* LoginController.m */; };
		E11E157223BF973AEB726995 /* Podfile in Resources */ = {isa = PBXBuildFile; fileRef = E11E1071C5BB25C5DF71E7E4 /* Podfile */; };
/* End PBXBuildFile section */

/* Begin PBXFileReference section */
		3E137172212B0E6100B206CC /* LocalAuthentication.framework */ = {isa = PBXFileReference; lastKnownFileType = wrapper.framework; name = LocalAuthentication.framework; path = System/Library/Frameworks/LocalAuthentication.framework; sourceTree = SDKROOT; };
		4EBCE6AE212A595B00A0672D /* ForgotViewController.h */ = {isa = PBXFileReference; fileEncoding = 4; lastKnownFileType = sourcecode.c.h; path = ForgotViewController.h; sourceTree = "<group>"; };
		4EBCE6AF212A595B00A0672D /* ForgotViewController.m */ = {isa = PBXFileReference; fileEncoding = 4; lastKnownFileType = sourcecode.c.objc; path = ForgotViewController.m; sourceTree = "<group>"; };
		4EBCE6B2212A5E1000A0672D /* NoIntenetViewController.h */ = {isa = PBXFileReference; fileEncoding = 4; lastKnownFileType = sourcecode.c.h; path = NoIntenetViewController.h; sourceTree = "<group>"; };
		4EBCE6B3212A5E1000A0672D /* NoIntenetViewController.m */ = {isa = PBXFileReference; fileEncoding = 4; lastKnownFileType = sourcecode.c.objc; path = NoIntenetViewController.m; sourceTree = "<group>"; };
		4EBCE6B5212A8A4700A0672D /* close_white@2x.png */ = {isa = PBXFileReference; lastKnownFileType = image.png; path = "close_white@2x.png"; sourceTree = "<group>"; };
		4EBCE6B6212A8A4700A0672D /* close_white@3x.png */ = {isa = PBXFileReference; lastKnownFileType = image.png; path = "close_white@3x.png"; sourceTree = "<group>"; };
		4EBCE6B9212AACE600A0672D /* NoticeViewController.h */ = {isa = PBXFileReference; lastKnownFileType = sourcecode.c.h; path = NoticeViewController.h; sourceTree = "<group>"; };
		4EBCE6BA212AACE600A0672D /* NoticeViewController.m */ = {isa = PBXFileReference; lastKnownFileType = sourcecode.c.objc; path = NoticeViewController.m; sourceTree = "<group>"; };
		4EBCE6BC212AB4A900A0672D /* PrefixHeader.pch */ = {isa = PBXFileReference; lastKnownFileType = sourcecode.c.h; path = PrefixHeader.pch; sourceTree = "<group>"; };
		4EBCE6BF212BF76500A0672D /* ContactViewController.h */ = {isa = PBXFileReference; lastKnownFileType = sourcecode.c.h; path = ContactViewController.h; sourceTree = "<group>"; };
		4EBCE6C0212BF76500A0672D /* ContactViewController.m */ = {isa = PBXFileReference; lastKnownFileType = sourcecode.c.objc; path = ContactViewController.m; sourceTree = "<group>"; };
		4EBCE6C3212D0AED00A0672D /* ContactTableViewCell.h */ = {isa = PBXFileReference; lastKnownFileType = sourcecode.c.h; path = ContactTableViewCell.h; sourceTree = "<group>"; };
		4EBCE6C4212D0AED00A0672D /* ContactTableViewCell.m */ = {isa = PBXFileReference; lastKnownFileType = sourcecode.c.objc; path = ContactTableViewCell.m; sourceTree = "<group>"; };
		4EBCE6C6212D0DF000A0672D /* MagazineTableViewCell.h */ = {isa = PBXFileReference; lastKnownFileType = sourcecode.c.h; path = MagazineTableViewCell.h; sourceTree = "<group>"; };
		4EBCE6C7212D0DF000A0672D /* MagazineTableViewCell.m */ = {isa = PBXFileReference; lastKnownFileType = sourcecode.c.objc; path = MagazineTableViewCell.m; sourceTree = "<group>"; };
		4EBCE6CD212D2CF000A0672D /* photo@3x.png */ = {isa = PBXFileReference; lastKnownFileType = image.png; path = "photo@3x.png"; sourceTree = "<group>"; };
		4EBCE6CE212D2CF000A0672D /* photo@2x.png */ = {isa = PBXFileReference; lastKnownFileType = image.png; path = "photo@2x.png"; sourceTree = "<group>"; };
		4EBCE6D5212D62DF00A0672D /* close_select@3x.png */ = {isa = PBXFileReference; lastKnownFileType = image.png; path = "close_select@3x.png"; sourceTree = "<group>"; };
		4EBCE6D6212D62DF00A0672D /* close_select@2x.png */ = {isa = PBXFileReference; lastKnownFileType = image.png; path = "close_select@2x.png"; sourceTree = "<group>"; };
		4EBCE6D9212D6D8600A0672D /* ResetPwdViewController.h */ = {isa = PBXFileReference; lastKnownFileType = sourcecode.c.h; path = ResetPwdViewController.h; sourceTree = "<group>"; };
		4EBCE6DA212D6D8600A0672D /* ResetPwdViewController.m */ = {isa = PBXFileReference; lastKnownFileType = sourcecode.c.objc; path = ResetPwdViewController.m; sourceTree = "<group>"; };
		4EBCE6E0212EABF000A0672D /* delete@2x.png */ = {isa = PBXFileReference; lastKnownFileType = image.png; path = "delete@2x.png"; sourceTree = "<group>"; };
		4EBCE6E1212EABF000A0672D /* delete@3x.png */ = {isa = PBXFileReference; lastKnownFileType = image.png; path = "delete@3x.png"; sourceTree = "<group>"; };
		574B3A1E212338DF00C37095 /* dentist.app */ = {isa = PBXFileReference; explicitFileType = wrapper.application; includeInIndex = 0; path = dentist.app; sourceTree = BUILT_PRODUCTS_DIR; };
		574B3A21212338DF00C37095 /* AppDelegate.h */ = {isa = PBXFileReference; lastKnownFileType = sourcecode.c.h; path = AppDelegate.h; sourceTree = "<group>"; };
		574B3A22212338DF00C37095 /* AppDelegate.m */ = {isa = PBXFileReference; lastKnownFileType = sourcecode.c.objc; path = AppDelegate.m; sourceTree = "<group>"; };
		574B3A2A212338E100C37095 /* Assets.xcassets */ = {isa = PBXFileReference; lastKnownFileType = folder.assetcatalog; path = Assets.xcassets; sourceTree = "<group>"; };
		574B3A2F212338E100C37095 /* Info.plist */ = {isa = PBXFileReference; lastKnownFileType = text.plist.xml; path = Info.plist; sourceTree = "<group>"; };
		574B3A30212338E100C37095 /* main.m */ = {isa = PBXFileReference; lastKnownFileType = sourcecode.c.objc; path = main.m; sourceTree = "<group>"; };
		57B0990121256E830010597B /* bg_1.png */ = {isa = PBXFileReference; lastKnownFileType = image.png; path = bg_1.png; sourceTree = "<group>"; };
		57B0990221256E830010597B /* bg_3.png */ = {isa = PBXFileReference; lastKnownFileType = image.png; path = bg_3.png; sourceTree = "<group>"; };
		57B0990321256E830010597B /* close.png */ = {isa = PBXFileReference; lastKnownFileType = image.png; path = close.png; sourceTree = "<group>"; };
		57B0990421256E840010597B /* linked_in.png */ = {isa = PBXFileReference; lastKnownFileType = image.png; path = linked_in.png; sourceTree = "<group>"; };
		57B0990521256E840010597B /* bg_2.png */ = {isa = PBXFileReference; lastKnownFileType = image.png; path = bg_2.png; sourceTree = "<group>"; };
		68B426216C681447B0595866 /* Pods-dentist.debug.xcconfig */ = {isa = PBXFileReference; includeInIndex = 1; lastKnownFileType = text.xcconfig; name = "Pods-dentist.debug.xcconfig"; path = "Pods/Target Support Files/Pods-dentist/Pods-dentist.debug.xcconfig"; sourceTree = "<group>"; };
		AAE9264107E7A868D6D5EAB3 /* Pods-dentist.release.xcconfig */ = {isa = PBXFileReference; includeInIndex = 1; lastKnownFileType = text.xcconfig; name = "Pods-dentist.release.xcconfig"; path = "Pods/Target Support Files/Pods-dentist/Pods-dentist.release.xcconfig"; sourceTree = "<group>"; };
		BFCE80B52123CB59008F3A7F /* zh-Hans */ = {isa = PBXFileReference; lastKnownFileType = text.plist.strings; name = "zh-Hans"; path = "zh-Hans.lproj/Localizable.strings"; sourceTree = "<group>"; };
		BFCE80B72123CB61008F3A7F /* en */ = {isa = PBXFileReference; lastKnownFileType = text.plist.strings; name = en; path = en.lproj/Localizable.strings; sourceTree = "<group>"; };
		C5EEA0D6F3D346ABA57627E3 /* in@3x.png */ = {isa = PBXFileReference; lastKnownFileType = image.png; path = "in@3x.png"; sourceTree = "<group>"; };
		C5EEA0DE73B049D946E71EA1 /* logo_white@2x.png */ = {isa = PBXFileReference; lastKnownFileType = image.png; path = "logo_white@2x.png"; sourceTree = "<group>"; };
		C5EEA0EC3A98C21A3F5DDBE8 /* Fonts.h */ = {isa = PBXFileReference; fileEncoding = 4; lastKnownFileType = sourcecode.c.h; path = Fonts.h; sourceTree = "<group>"; };
		C5EEA1491E2D8BE3A1E73723 /* BaseController.m */ = {isa = PBXFileReference; fileEncoding = 4; lastKnownFileType = sourcecode.c.objc; path = BaseController.m; sourceTree = "<group>"; };
		C5EEA18EB9B95E5485DE66DA /* error@3x.png */ = {isa = PBXFileReference; lastKnownFileType = image.png; path = "error@3x.png"; sourceTree = "<group>"; };
		C5EEA2081FE1E7048216CB0F /* RegController.m */ = {isa = PBXFileReference; fileEncoding = 4; lastKnownFileType = sourcecode.c.objc; path = RegController.m; sourceTree = "<group>"; };
		C5EEA26491F4A964247D88D3 /* checkbox_on@2x.png */ = {isa = PBXFileReference; lastKnownFileType = image.png; path = "checkbox_on@2x.png"; sourceTree = "<group>"; };
		C5EEA26FE0A8A22D3399DE3E /* TapGesture.m */ = {isa = PBXFileReference; fileEncoding = 4; lastKnownFileType = sourcecode.c.objc; path = TapGesture.m; sourceTree = "<group>"; };
		C5EEA30917CCFA40C14CC248 /* inkedin@3x.png */ = {isa = PBXFileReference; lastKnownFileType = image.png; path = "inkedin@3x.png"; sourceTree = "<group>"; };
		C5EEA322E513676D2AD98D68 /* NSString+myextend.m */ = {isa = PBXFileReference; fileEncoding = 4; lastKnownFileType = sourcecode.c.objc; path = "NSString+myextend.m"; sourceTree = "<group>"; };
		C5EEA36D27849EDE93EE982E /* StudentController.m */ = {isa = PBXFileReference; fileEncoding = 4; lastKnownFileType = sourcecode.c.objc; path = StudentController.m; sourceTree = "<group>"; };
		C5EEA4256B021E478012CC56 /* StackLayoutItem.h */ = {isa = PBXFileReference; fileEncoding = 4; lastKnownFileType = sourcecode.c.h; path = StackLayoutItem.h; sourceTree = "<group>"; };
		C5EEA48BF55947D0882B84F7 /* back.png */ = {isa = PBXFileReference; lastKnownFileType = image.png; path = back.png; sourceTree = "<group>"; };
		C5EEA48D7B111AE46CEB2898 /* UIControl+customed.h */ = {isa = PBXFileReference; fileEncoding = 4; lastKnownFileType = sourcecode.c.h; path = "UIControl+customed.h"; sourceTree = "<group>"; };
		C5EEA4B43DAD528FED6AD329 /* UIButton+styled.m */ = {isa = PBXFileReference; fileEncoding = 4; lastKnownFileType = sourcecode.c.objc; path = "UIButton+styled.m"; sourceTree = "<group>"; };
		C5EEA52D798B7B8BA9FF1CC9 /* Http.m */ = {isa = PBXFileReference; fileEncoding = 4; lastKnownFileType = sourcecode.c.objc; path = Http.m; sourceTree = "<group>"; };
		C5EEA5618C6AF14B04224B97 /* StackLayout.m */ = {isa = PBXFileReference; fileEncoding = 4; lastKnownFileType = sourcecode.c.objc; path = StackLayout.m; sourceTree = "<group>"; };
		C5EEA5C6801B0E58BCE75FDA /* Common.h */ = {isa = PBXFileReference; fileEncoding = 4; lastKnownFileType = sourcecode.c.h; path = Common.h; sourceTree = "<group>"; };
		C5EEA5D4F5F8FD76F0AE4BF7 /* MASConstraintMaker+myextend.h */ = {isa = PBXFileReference; fileEncoding = 4; lastKnownFileType = sourcecode.c.h; path = "MASConstraintMaker+myextend.h"; sourceTree = "<group>"; };
		C5EEA5D6567A6F2AD2F67609 /* UIImage+customed.h */ = {isa = PBXFileReference; fileEncoding = 4; lastKnownFileType = sourcecode.c.h; path = "UIImage+customed.h"; sourceTree = "<group>"; };
		C5EEA5F9F6A770ECFEAE79BD /* checkbox_on@3x.png */ = {isa = PBXFileReference; lastKnownFileType = image.png; path = "checkbox_on@3x.png"; sourceTree = "<group>"; };
		C5EEA5FC699E9927D1269E63 /* RegController.h */ = {isa = PBXFileReference; fileEncoding = 4; lastKnownFileType = sourcecode.c.h; path = RegController.h; sourceTree = "<group>"; };
		C5EEA64F84AE34B5F5F79A7F /* ok@3x.png */ = {isa = PBXFileReference; lastKnownFileType = image.png; path = "ok@3x.png"; sourceTree = "<group>"; };
		C5EEA66D516C103A72D92922 /* Async.h */ = {isa = PBXFileReference; fileEncoding = 4; lastKnownFileType = sourcecode.c.h; path = Async.h; sourceTree = "<group>"; };
		C5EEA6C2E9723639C9F2F3FF /* BaseController.h */ = {isa = PBXFileReference; fileEncoding = 4; lastKnownFileType = sourcecode.c.h; path = BaseController.h; sourceTree = "<group>"; };
		C5EEA774D7153D4B1BEEBA57 /* checkbox_on.png */ = {isa = PBXFileReference; lastKnownFileType = image.png; path = checkbox_on.png; sourceTree = "<group>"; };
		C5EEA7921005BA1AD231EC66 /* info@2x.png */ = {isa = PBXFileReference; lastKnownFileType = image.png; path = "info@2x.png"; sourceTree = "<group>"; };
		C5EEA7B9D5BECBFD7E0084C4 /* Http.h */ = {isa = PBXFileReference; fileEncoding = 4; lastKnownFileType = sourcecode.c.h; path = Http.h; sourceTree = "<group>"; };
		C5EEA7F2C40181B62A47CFCE /* UIUtil.h */ = {isa = PBXFileReference; fileEncoding = 4; lastKnownFileType = sourcecode.c.h; path = UIUtil.h; sourceTree = "<group>"; };
		C5EEA803D53AEC31FDF0661A /* NSString+myextend.h */ = {isa = PBXFileReference; fileEncoding = 4; lastKnownFileType = sourcecode.c.h; path = "NSString+myextend.h"; sourceTree = "<group>"; };
		C5EEA811A5ED37C88C49CB9A /* TextSize.h */ = {isa = PBXFileReference; fileEncoding = 4; lastKnownFileType = sourcecode.c.h; path = TextSize.h; sourceTree = "<group>"; };
		C5EEA8718BE48E66BCDCCD90 /* in.png */ = {isa = PBXFileReference; lastKnownFileType = image.png; path = in.png; sourceTree = "<group>"; };
		C5EEA8A22AAACC2B56D30F80 /* Consts.h */ = {isa = PBXFileReference; fileEncoding = 4; lastKnownFileType = sourcecode.c.h; path = Consts.h; sourceTree = "<group>"; };
		C5EEA8A31FA41618FB71AF02 /* Platform.h */ = {isa = PBXFileReference; fileEncoding = 4; lastKnownFileType = sourcecode.c.h; path = Platform.h; sourceTree = "<group>"; };
		C5EEA987B083DB10CDE9D9E0 /* MASConstraintMaker+myextend.m */ = {isa = PBXFileReference; fileEncoding = 4; lastKnownFileType = sourcecode.c.objc; path = "MASConstraintMaker+myextend.m"; sourceTree = "<group>"; };
		C5EEA9A86503708DA9E3869E /* logo_white@3x.png */ = {isa = PBXFileReference; lastKnownFileType = image.png; path = "logo_white@3x.png"; sourceTree = "<group>"; };
		C5EEA9AC0839884D27DA2ABA /* Async.m */ = {isa = PBXFileReference; fileEncoding = 4; lastKnownFileType = sourcecode.c.objc; path = Async.m; sourceTree = "<group>"; };
		C5EEA9B786207E0D6FD7BF5B /* WelcomController.h */ = {isa = PBXFileReference; fileEncoding = 4; lastKnownFileType = sourcecode.c.h; path = WelcomController.h; sourceTree = "<group>"; };
		C5EEAA2E780A2216C27206F5 /* UIImageView+customed.h */ = {isa = PBXFileReference; fileEncoding = 4; lastKnownFileType = sourcecode.c.h; path = "UIImageView+customed.h"; sourceTree = "<group>"; };
		C5EEAA48C58AF7A1617CC70D /* StudentController.h */ = {isa = PBXFileReference; fileEncoding = 4; lastKnownFileType = sourcecode.c.h; path = StudentController.h; sourceTree = "<group>"; };
		C5EEAA6853812943C4C4FC75 /* UIScreen+customed.h */ = {isa = PBXFileReference; fileEncoding = 4; lastKnownFileType = sourcecode.c.h; path = "UIScreen+customed.h"; sourceTree = "<group>"; };
		C5EEAA800E95F5D4324195EC /* Colors.m */ = {isa = PBXFileReference; fileEncoding = 4; lastKnownFileType = sourcecode.c.objc; path = Colors.m; sourceTree = "<group>"; };
		C5EEAA94A55CA2EC9E7D9694 /* UILabel+customed.m */ = {isa = PBXFileReference; fileEncoding = 4; lastKnownFileType = sourcecode.c.objc; path = "UILabel+customed.m"; sourceTree = "<group>"; };
		C5EEAA9D22157E0B66DD5102 /* Platform.m */ = {isa = PBXFileReference; fileEncoding = 4; lastKnownFileType = sourcecode.c.objc; path = Platform.m; sourceTree = "<group>"; };
		C5EEAAC538456D3D1CD175F6 /* UILabel+customed.h */ = {isa = PBXFileReference; fileEncoding = 4; lastKnownFileType = sourcecode.c.h; path = "UILabel+customed.h"; sourceTree = "<group>"; };
		C5EEAAE437209CC4CB67759E /* UITextField+styled.m */ = {isa = PBXFileReference; fileEncoding = 4; lastKnownFileType = sourcecode.c.objc; path = "UITextField+styled.m"; sourceTree = "<group>"; };
		C5EEAAFB2FA0ECFDCC818D1D /* checkbox@3x.png */ = {isa = PBXFileReference; lastKnownFileType = image.png; path = "checkbox@3x.png"; sourceTree = "<group>"; };
		C5EEAB29126FE9574783DD4E /* Colors.h */ = {isa = PBXFileReference; fileEncoding = 4; lastKnownFileType = sourcecode.c.h; path = Colors.h; sourceTree = "<group>"; };
		C5EEABB3CEAC436B6E598EC8 /* inkedin@2x.png */ = {isa = PBXFileReference; lastKnownFileType = image.png; path = "inkedin@2x.png"; sourceTree = "<group>"; };
		C5EEABC349DD6EA092977CF3 /* checkbox@2x.png */ = {isa = PBXFileReference; lastKnownFileType = image.png; path = "checkbox@2x.png"; sourceTree = "<group>"; };
		C5EEABE85BEEC4C83787521E /* UIView+customed.m */ = {isa = PBXFileReference; fileEncoding = 4; lastKnownFileType = sourcecode.c.objc; path = "UIView+customed.m"; sourceTree = "<group>"; };
		C5EEAC1A22AE1F31430281C0 /* linkedin.png */ = {isa = PBXFileReference; lastKnownFileType = image.png; path = linkedin.png; sourceTree = "<group>"; };
		C5EEAC2EE0E713EE63B492A5 /* checkbox.png */ = {isa = PBXFileReference; lastKnownFileType = image.png; path = checkbox.png; sourceTree = "<group>"; };
		C5EEAC36ADFF1B9F8DEBA913 /* NSMutableAttributedString+customed.m */ = {isa = PBXFileReference; fileEncoding = 4; lastKnownFileType = sourcecode.c.objc; path = "NSMutableAttributedString+customed.m"; sourceTree = "<group>"; };
		C5EEAC3BE69CD7BD9524FE69 /* WelcomController.m */ = {isa = PBXFileReference; fileEncoding = 4; lastKnownFileType = sourcecode.c.objc; path = WelcomController.m; sourceTree = "<group>"; };
		C5EEAC56322EB38F34BC5D19 /* Fonts.m */ = {isa = PBXFileReference; fileEncoding = 4; lastKnownFileType = sourcecode.c.objc; path = Fonts.m; sourceTree = "<group>"; };
		C5EEACBC931939B104FC3D13 /* TextSize.m */ = {isa = PBXFileReference; fileEncoding = 4; lastKnownFileType = sourcecode.c.objc; path = TextSize.m; sourceTree = "<group>"; };
		C5EEAD209B9CA1A9E2E54D54 /* UIButton+styled.h */ = {isa = PBXFileReference; fileEncoding = 4; lastKnownFileType = sourcecode.c.h; path = "UIButton+styled.h"; sourceTree = "<group>"; };
		C5EEAD58FA90422F2ACB2B9E /* UIView+customed.h */ = {isa = PBXFileReference; fileEncoding = 4; lastKnownFileType = sourcecode.c.h; path = "UIView+customed.h"; sourceTree = "<group>"; };
		C5EEAD7327CBF1E95FF96367 /* UIImageView+customed.m */ = {isa = PBXFileReference; fileEncoding = 4; lastKnownFileType = sourcecode.c.objc; path = "UIImageView+customed.m"; sourceTree = "<group>"; };
		C5EEAD9C9F70275E545F3182 /* UIControl+customed.m */ = {isa = PBXFileReference; fileEncoding = 4; lastKnownFileType = sourcecode.c.objc; path = "UIControl+customed.m"; sourceTree = "<group>"; };
		C5EEADA20900AEC4F88BB5B2 /* UITextField+styled.h */ = {isa = PBXFileReference; fileEncoding = 4; lastKnownFileType = sourcecode.c.h; path = "UITextField+styled.h"; sourceTree = "<group>"; };
		C5EEADB73500333182433F3A /* UIImage+customed.m */ = {isa = PBXFileReference; fileEncoding = 4; lastKnownFileType = sourcecode.c.objc; path = "UIImage+customed.m"; sourceTree = "<group>"; };
		C5EEAE085D2BEF383E4F2BA8 /* in@2x.png */ = {isa = PBXFileReference; lastKnownFileType = image.png; path = "in@2x.png"; sourceTree = "<group>"; };
		C5EEAE3E82D71BB36A5623A5 /* info@3x.png */ = {isa = PBXFileReference; lastKnownFileType = image.png; path = "info@3x.png"; sourceTree = "<group>"; };
		C5EEAE98803C6DEDE38865EB /* StackLayout.h */ = {isa = PBXFileReference; fileEncoding = 4; lastKnownFileType = sourcecode.c.h; path = StackLayout.h; sourceTree = "<group>"; };
		C5EEAEBA73BB1DD685EB19FE /* NSMutableAttributedString+customed.h */ = {isa = PBXFileReference; fileEncoding = 4; lastKnownFileType = sourcecode.c.h; path = "NSMutableAttributedString+customed.h"; sourceTree = "<group>"; };
		C5EEAF174673741A891E08C7 /* info.png */ = {isa = PBXFileReference; lastKnownFileType = image.png; path = info.png; sourceTree = "<group>"; };
		C5EEAF2F67ED58D35E984745 /* UIUtil.m */ = {isa = PBXFileReference; fileEncoding = 4; lastKnownFileType = sourcecode.c.objc; path = UIUtil.m; sourceTree = "<group>"; };
		C5EEAF6550A8BFEA1922A8F1 /* StackLayoutItem.m */ = {isa = PBXFileReference; fileEncoding = 4; lastKnownFileType = sourcecode.c.objc; path = StackLayoutItem.m; sourceTree = "<group>"; };
		C5EEAF6B331211FDA925279D /* UIScreen+customed.m */ = {isa = PBXFileReference; fileEncoding = 4; lastKnownFileType = sourcecode.c.objc; path = "UIScreen+customed.m"; sourceTree = "<group>"; };
		C5EEAF8E7EDDD03188A629E5 /* TapGesture.h */ = {isa = PBXFileReference; fileEncoding = 4; lastKnownFileType = sourcecode.c.h; path = TapGesture.h; sourceTree = "<group>"; };
		C5EEAFA6847EBD5CB2040106 /* logo@3x.png */ = {isa = PBXFileReference; lastKnownFileType = image.png; path = "logo@3x.png"; sourceTree = "<group>"; };
		D18A46C0F072296ED5347389 /* libPods-dentist.a */ = {isa = PBXFileReference; explicitFileType = archive.ar; includeInIndex = 0; path = "libPods-dentist.a"; sourceTree = BUILT_PRODUCTS_DIR; };
		E11E1071C5BB25C5DF71E7E4 /* Podfile */ = {isa = PBXFileReference; fileEncoding = 4; lastKnownFileType = text; path = Podfile; sourceTree = "<group>"; xcLanguageSpecificationIdentifier = xcode.lang.ruby; };
		E11E19356BB1AFF61BFAFA05 /* LoginController.h */ = {isa = PBXFileReference; fileEncoding = 4; lastKnownFileType = sourcecode.c.h; path = LoginController.h; sourceTree = "<group>"; };
		E11E1CE1666065721BBFD75C /* LoginController.m */ = {isa = PBXFileReference; fileEncoding = 4; lastKnownFileType = sourcecode.c.objc; path = LoginController.m; sourceTree = "<group>"; };
/* End PBXFileReference section */

/* Begin PBXFrameworksBuildPhase section */
		574B3A1B212338DF00C37095 /* Frameworks */ = {
			isa = PBXFrameworksBuildPhase;
			buildActionMask = 2147483647;
			files = (
				3E137173212B0E6200B206CC /* LocalAuthentication.framework in Frameworks */,
				74888DD7A002409EC2480DF8 /* libPods-dentist.a in Frameworks */,
			);
			runOnlyForDeploymentPostprocessing = 0;
		};
/* End PBXFrameworksBuildPhase section */

/* Begin PBXGroup section */
		4EBCE6AA212966B700A0672D /* login_forgot */ = {
			isa = PBXGroup;
			children = (
				4EBCE6AE212A595B00A0672D /* ForgotViewController.h */,
				4EBCE6AF212A595B00A0672D /* ForgotViewController.m */,
				4EBCE6D9212D6D8600A0672D /* ResetPwdViewController.h */,
				4EBCE6DA212D6D8600A0672D /* ResetPwdViewController.m */,
			);
			path = login_forgot;
			sourceTree = "<group>";
		};
		4EBCE6B1212A5E1000A0672D /* common_page */ = {
			isa = PBXGroup;
			children = (
				4EBCE6C2212D0AC400A0672D /* view */,
				4EBCE6B2212A5E1000A0672D /* NoIntenetViewController.h */,
				4EBCE6B3212A5E1000A0672D /* NoIntenetViewController.m */,
				4EBCE6B9212AACE600A0672D /* NoticeViewController.h */,
				4EBCE6BA212AACE600A0672D /* NoticeViewController.m */,
				4EBCE6BF212BF76500A0672D /* ContactViewController.h */,
				4EBCE6C0212BF76500A0672D /* ContactViewController.m */,
			);
			path = common_page;
			sourceTree = "<group>";
		};
		4EBCE6C2212D0AC400A0672D /* view */ = {
			isa = PBXGroup;
			children = (
				4EBCE6C3212D0AED00A0672D /* ContactTableViewCell.h */,
				4EBCE6C4212D0AED00A0672D /* ContactTableViewCell.m */,
				4EBCE6C6212D0DF000A0672D /* MagazineTableViewCell.h */,
				4EBCE6C7212D0DF000A0672D /* MagazineTableViewCell.m */,
			);
			path = view;
			sourceTree = "<group>";
		};
		574B3A15212338DF00C37095 = {
			isa = PBXGroup;
			children = (
				BFCE80B62123CB59008F3A7F /* Localizable.strings */,
				574B3A20212338DF00C37095 /* dentist */,
				574B3A1F212338DF00C37095 /* Products */,
				E11E1071C5BB25C5DF71E7E4 /* Podfile */,
				6E480191105E9BD9865E05CE /* Pods */,
				9E8CFB7155047C0648622D0F /* Frameworks */,
			);
			sourceTree = "<group>";
		};
		574B3A1F212338DF00C37095 /* Products */ = {
			isa = PBXGroup;
			children = (
				574B3A1E212338DF00C37095 /* dentist.app */,
			);
			name = Products;
			sourceTree = "<group>";
		};
		574B3A20212338DF00C37095 /* dentist */ = {
			isa = PBXGroup;
			children = (
				4EBCE6B1212A5E1000A0672D /* common_page */,
				4EBCE6AA212966B700A0672D /* login_forgot */,
				57B0990021256E240010597B /* Images */,
				574B3A21212338DF00C37095 /* AppDelegate.h */,
				574B3A22212338DF00C37095 /* AppDelegate.m */,
				574B3A2A212338E100C37095 /* Assets.xcassets */,
				574B3A2F212338E100C37095 /* Info.plist */,
				574B3A30212338E100C37095 /* main.m */,
				E11E1A35B77A80E77732AE89 /* login */,
				C5EEA322192BD641D58220D8 /* common */,
			);
			path = dentist;
			sourceTree = "<group>";
		};
		57B0990021256E240010597B /* Images */ = {
			isa = PBXGroup;
			children = (
				57B0990121256E830010597B /* bg_1.png */,
				57B0990521256E840010597B /* bg_2.png */,
				57B0990221256E830010597B /* bg_3.png */,
				57B0990321256E830010597B /* close.png */,
				4EBCE6B5212A8A4700A0672D /* close_white@2x.png */,
				4EBCE6B6212A8A4700A0672D /* close_white@3x.png */,
				57B0990421256E840010597B /* linked_in.png */,
				4EBCE6E0212EABF000A0672D /* delete@2x.png */,
				4EBCE6E1212EABF000A0672D /* delete@3x.png */,
				C5EEA18EB9B95E5485DE66DA /* error@3x.png */,
				C5EEA64F84AE34B5F5F79A7F /* ok@3x.png */,
				4EBCE6D6212D62DF00A0672D /* close_select@2x.png */,
				4EBCE6D5212D62DF00A0672D /* close_select@3x.png */,
				4EBCE6CE212D2CF000A0672D /* photo@2x.png */,
				4EBCE6CD212D2CF000A0672D /* photo@3x.png */,
				C5EEA0DE73B049D946E71EA1 /* logo_white@2x.png */,
				C5EEA9A86503708DA9E3869E /* logo_white@3x.png */,
				C5EEAFA6847EBD5CB2040106 /* logo@3x.png */,
				C5EEA48BF55947D0882B84F7 /* back.png */,
				C5EEAC2EE0E713EE63B492A5 /* checkbox.png */,
				C5EEABC349DD6EA092977CF3 /* checkbox@2x.png */,
				C5EEAAFB2FA0ECFDCC818D1D /* checkbox@3x.png */,
				C5EEABB3CEAC436B6E598EC8 /* inkedin@2x.png */,
				C5EEA30917CCFA40C14CC248 /* inkedin@3x.png */,
				C5EEAC1A22AE1F31430281C0 /* linkedin.png */,
				C5EEA774D7153D4B1BEEBA57 /* checkbox_on.png */,
				C5EEA26491F4A964247D88D3 /* checkbox_on@2x.png */,
				C5EEA5F9F6A770ECFEAE79BD /* checkbox_on@3x.png */,
				C5EEA8718BE48E66BCDCCD90 /* in.png */,
				C5EEAE085D2BEF383E4F2BA8 /* in@2x.png */,
				C5EEA0D6F3D346ABA57627E3 /* in@3x.png */,
				C5EEAF174673741A891E08C7 /* info.png */,
				C5EEA7921005BA1AD231EC66 /* info@2x.png */,
				C5EEAE3E82D71BB36A5623A5 /* info@3x.png */,
			);
			path = Images;
			sourceTree = "<group>";
		};
		6E480191105E9BD9865E05CE /* Pods */ = {
			isa = PBXGroup;
			children = (
				68B426216C681447B0595866 /* Pods-dentist.debug.xcconfig */,
				AAE9264107E7A868D6D5EAB3 /* Pods-dentist.release.xcconfig */,
			);
			name = Pods;
			sourceTree = "<group>";
		};
		9E8CFB7155047C0648622D0F /* Frameworks */ = {
			isa = PBXGroup;
			children = (
				3E137172212B0E6100B206CC /* LocalAuthentication.framework */,
				D18A46C0F072296ED5347389 /* libPods-dentist.a */,
			);
			name = Frameworks;
			sourceTree = "<group>";
		};
		C5EEA322192BD641D58220D8 /* common */ = {
			isa = PBXGroup;
			children = (
				C5EEAA800E95F5D4324195EC /* Colors.m */,
				C5EEAB29126FE9574783DD4E /* Colors.h */,
				C5EEACBC931939B104FC3D13 /* TextSize.m */,
				C5EEA811A5ED37C88C49CB9A /* TextSize.h */,
				C5EEAC56322EB38F34BC5D19 /* Fonts.m */,
				C5EEA0EC3A98C21A3F5DDBE8 /* Fonts.h */,
				C5EEA5C6801B0E58BCE75FDA /* Common.h */,
				C5EEAAE437209CC4CB67759E /* UITextField+styled.m */,
				C5EEADA20900AEC4F88BB5B2 /* UITextField+styled.h */,
				C5EEA1491E2D8BE3A1E73723 /* BaseController.m */,
				C5EEA6C2E9723639C9F2F3FF /* BaseController.h */,
				C5EEA4B43DAD528FED6AD329 /* UIButton+styled.m */,
				C5EEAD209B9CA1A9E2E54D54 /* UIButton+styled.h */,
				C5EEAF6B331211FDA925279D /* UIScreen+customed.m */,
				C5EEAA6853812943C4C4FC75 /* UIScreen+customed.h */,
				C5EEA8A22AAACC2B56D30F80 /* Consts.h */,
				C5EEAD9C9F70275E545F3182 /* UIControl+customed.m */,
				C5EEA48D7B111AE46CEB2898 /* UIControl+customed.h */,
				C5EEABE85BEEC4C83787521E /* UIView+customed.m */,
				C5EEAD58FA90422F2ACB2B9E /* UIView+customed.h */,
				C5EEA5618C6AF14B04224B97 /* StackLayout.m */,
				C5EEAE98803C6DEDE38865EB /* StackLayout.h */,
				C5EEAF6550A8BFEA1922A8F1 /* StackLayoutItem.m */,
				C5EEA4256B021E478012CC56 /* StackLayoutItem.h */,
				C5EEAD7327CBF1E95FF96367 /* UIImageView+customed.m */,
				C5EEAA2E780A2216C27206F5 /* UIImageView+customed.h */,
				C5EEAA94A55CA2EC9E7D9694 /* UILabel+customed.m */,
				C5EEAAC538456D3D1CD175F6 /* UILabel+customed.h */,
				C5EEAC36ADFF1B9F8DEBA913 /* NSMutableAttributedString+customed.m */,
				C5EEAEBA73BB1DD685EB19FE /* NSMutableAttributedString+customed.h */,
				C5EEA26FE0A8A22D3399DE3E /* TapGesture.m */,
				C5EEAF8E7EDDD03188A629E5 /* TapGesture.h */,
				C5EEAA9D22157E0B66DD5102 /* Platform.m */,
				C5EEA8A31FA41618FB71AF02 /* Platform.h */,
				C5EEADB73500333182433F3A /* UIImage+customed.m */,
				C5EEA5D6567A6F2AD2F67609 /* UIImage+customed.h */,
				C5EEA987B083DB10CDE9D9E0 /* MASConstraintMaker+myextend.m */,
				C5EEA5D4F5F8FD76F0AE4BF7 /* MASConstraintMaker+myextend.h */,
				C5EEA322E513676D2AD98D68 /* NSString+myextend.m */,
				C5EEA803D53AEC31FDF0661A /* NSString+myextend.h */,
				C5EEA7F2C40181B62A47CFCE /* UIUtil.h */,
				C5EEAF2F67ED58D35E984745 /* UIUtil.m */,
				C5EEA52D798B7B8BA9FF1CC9 /* Http.m */,
				C5EEA7B9D5BECBFD7E0084C4 /* Http.h */,
				C5EEA9AC0839884D27DA2ABA /* Async.m */,
				C5EEA66D516C103A72D92922 /* Async.h */,
				4EBCE6BC212AB4A900A0672D /* PrefixHeader.pch */,
			);
			path = common;
			sourceTree = "<group>";
		};
		E11E1A35B77A80E77732AE89 /* login */ = {
			isa = PBXGroup;
			children = (
				E11E1CE1666065721BBFD75C /* LoginController.m */,
				E11E19356BB1AFF61BFAFA05 /* LoginController.h */,
				C5EEAC3BE69CD7BD9524FE69 /* WelcomController.m */,
				C5EEA9B786207E0D6FD7BF5B /* WelcomController.h */,
				C5EEA36D27849EDE93EE982E /* StudentController.m */,
				C5EEAA48C58AF7A1617CC70D /* StudentController.h */,
				C5EEA2081FE1E7048216CB0F /* RegController.m */,
				C5EEA5FC699E9927D1269E63 /* RegController.h */,
			);
			path = login;
			sourceTree = "<group>";
		};
/* End PBXGroup section */

/* Begin PBXNativeTarget section */
		574B3A1D212338DF00C37095 /* dentist */ = {
			isa = PBXNativeTarget;
			buildConfigurationList = 574B3A34212338E100C37095 /* Build configuration list for PBXNativeTarget "dentist" */;
			buildPhases = (
				B92AB17CEBF39B78014F6094 /* [CP] Check Pods Manifest.lock */,
				574B3A1A212338DF00C37095 /* Sources */,
				574B3A1B212338DF00C37095 /* Frameworks */,
				574B3A1C212338DF00C37095 /* Resources */,
				F6C167CBBA830C68BECC4C22 /* [CP] Copy Pods Resources */,
			);
			buildRules = (
			);
			dependencies = (
			);
			name = dentist;
			productName = dentist;
			productReference = 574B3A1E212338DF00C37095 /* dentist.app */;
			productType = "com.apple.product-type.application";
		};
/* End PBXNativeTarget section */

/* Begin PBXProject section */
		574B3A16212338DF00C37095 /* Project object */ = {
			isa = PBXProject;
			attributes = {
				LastUpgradeCheck = 0940;
				ORGANIZATIONNAME = thenextmediagroup.com;
				TargetAttributes = {
					574B3A1D212338DF00C37095 = {
						CreatedOnToolsVersion = 9.4.1;
					};
				};
			};
			buildConfigurationList = 574B3A19212338DF00C37095 /* Build configuration list for PBXProject "dentist" */;
			compatibilityVersion = "Xcode 9.3";
			developmentRegion = en;
			hasScannedForEncodings = 0;
			knownRegions = (
				en,
				Base,
			);
			mainGroup = 574B3A15212338DF00C37095;
			productRefGroup = 574B3A1F212338DF00C37095 /* Products */;
			projectDirPath = "";
			projectRoot = "";
			targets = (
				574B3A1D212338DF00C37095 /* dentist */,
			);
		};
/* End PBXProject section */

/* Begin PBXResourcesBuildPhase section */
		574B3A1C212338DF00C37095 /* Resources */ = {
			isa = PBXResourcesBuildPhase;
			buildActionMask = 2147483647;
			files = (
				4EBCE6B7212A8A4700A0672D /* close_white@2x.png in Resources */,
				4EBCE6E2212EABF100A0672D /* delete@2x.png in Resources */,
				57B0990921256E840010597B /* close.png in Resources */,
				57B0990721256E840010597B /* bg_1.png in Resources */,
				57B0990821256E840010597B /* bg_3.png in Resources */,
				BFCE80B42123CB59008F3A7F /* Localizable.strings in Resources */,
				574B3A2B212338E100C37095 /* Assets.xcassets in Resources */,
				57B0990B21256E840010597B /* bg_2.png in Resources */,
				E11E157223BF973AEB726995 /* Podfile in Resources */,
				57B0990A21256E840010597B /* linked_in.png in Resources */,
				C5EEA4A6B29832302A53D7B1 /* error@3x.png in Resources */,
				C5EEA18592C8A1D19E19C161 /* ok@3x.png in Resources */,
				C5EEAE86F4DCB0CEF09C5B49 /* logo_white@2x.png in Resources */,
				C5EEA3A502FE5013902AD3AF /* logo_white@3x.png in Resources */,
				C5EEAD868056CEA29BDACC95 /* logo@3x.png in Resources */,
				4EBCE6B8212A8A4700A0672D /* close_white@3x.png in Resources */,
				C5EEA67C449F8DEC5FF529A2 /* back.png in Resources */,
				C5EEAE562042AC89740F25B0 /* checkbox.png in Resources */,
				C5EEA55691F65C5A3EF946AF /* checkbox@2x.png in Resources */,
				C5EEA65E44E172FEB6482668 /* checkbox@3x.png in Resources */,
				C5EEA75037810F6772CD2C4F /* inkedin@2x.png in Resources */,
				4EBCE6CF212D2CF000A0672D /* photo@3x.png in Resources */,
				C5EEA304546737C29C822865 /* inkedin@3x.png in Resources */,
				4EBCE6E3212EABF100A0672D /* delete@3x.png in Resources */,
				C5EEA20626BFCB817FCD6BED /* linkedin.png in Resources */,
				C5EEA3833E70FE8F978304CF /* checkbox_on.png in Resources */,
				C5EEA9C826673B94007566E8 /* checkbox_on@2x.png in Resources */,
				C5EEAF2A194521DC8C0BD8A0 /* checkbox_on@3x.png in Resources */,
				4EBCE6D7212D62DF00A0672D /* close_select@3x.png in Resources */,
				4EBCE6D8212D62DF00A0672D /* close_select@2x.png in Resources */,
				C5EEAAE976626BD0AD7F87A8 /* in.png in Resources */,
				C5EEA3FB2294B0B512A2C1DB /* in@2x.png in Resources */,
				C5EEA1D0E4573EAC275DB65F /* in@3x.png in Resources */,
				4EBCE6D0212D2CF000A0672D /* photo@2x.png in Resources */,
				C5EEAB39CFA076691E67BA42 /* info.png in Resources */,
				C5EEAC84691A5246841E615B /* info@2x.png in Resources */,
				C5EEA9C145CEE1C7091EA50F /* info@3x.png in Resources */,
			);
			runOnlyForDeploymentPostprocessing = 0;
		};
/* End PBXResourcesBuildPhase section */

/* Begin PBXShellScriptBuildPhase section */
		B92AB17CEBF39B78014F6094 /* [CP] Check Pods Manifest.lock */ = {
			isa = PBXShellScriptBuildPhase;
			buildActionMask = 2147483647;
			files = (
			);
			inputPaths = (
				"${PODS_PODFILE_DIR_PATH}/Podfile.lock",
				"${PODS_ROOT}/Manifest.lock",
			);
			name = "[CP] Check Pods Manifest.lock";
			outputPaths = (
				"$(DERIVED_FILE_DIR)/Pods-dentist-checkManifestLockResult.txt",
			);
			runOnlyForDeploymentPostprocessing = 0;
			shellPath = /bin/sh;
			shellScript = "diff \"${PODS_PODFILE_DIR_PATH}/Podfile.lock\" \"${PODS_ROOT}/Manifest.lock\" > /dev/null\nif [ $? != 0 ] ; then\n    # print error to STDERR\n    echo \"error: The sandbox is not in sync with the Podfile.lock. Run 'pod install' or update your CocoaPods installation.\" >&2\n    exit 1\nfi\n# This output is used by Xcode 'outputs' to avoid re-running this script phase.\necho \"SUCCESS\" > \"${SCRIPT_OUTPUT_FILE_0}\"\n";
			showEnvVarsInLog = 0;
		};
		F6C167CBBA830C68BECC4C22 /* [CP] Copy Pods Resources */ = {
			isa = PBXShellScriptBuildPhase;
			buildActionMask = 2147483647;
			files = (
			);
			inputPaths = (
				"${SRCROOT}/Pods/Target Support Files/Pods-dentist/Pods-dentist-resources.sh",
				"${PODS_ROOT}/SAMKeychain/Support/SAMKeychain.bundle",
			);
			name = "[CP] Copy Pods Resources";
			outputPaths = (
				"${TARGET_BUILD_DIR}/${UNLOCALIZED_RESOURCES_FOLDER_PATH}/SAMKeychain.bundle",
			);
			runOnlyForDeploymentPostprocessing = 0;
			shellPath = /bin/sh;
			shellScript = "\"${SRCROOT}/Pods/Target Support Files/Pods-dentist/Pods-dentist-resources.sh\"\n";
			showEnvVarsInLog = 0;
		};
/* End PBXShellScriptBuildPhase section */

/* Begin PBXSourcesBuildPhase section */
		574B3A1A212338DF00C37095 /* Sources */ = {
			isa = PBXSourcesBuildPhase;
			buildActionMask = 2147483647;
			files = (
				574B3A31212338E100C37095 /* main.m in Sources */,
				574B3A23212338DF00C37095 /* AppDelegate.m in Sources */,
				4EBCE6C5212D0AED00A0672D /* ContactTableViewCell.m in Sources */,
				E11E10BD74EC149921ADD708 /* LoginController.m in Sources */,
				C5EEA02BC51E205A72A959F8 /* Colors.m in Sources */,
				C5EEA9E893F712BA5CC4938D /* TextSize.m in Sources */,
				C5EEAB1B08FE088DAFBA7763 /* Fonts.m in Sources */,
				C5EEA8D0D8605D45129064DB /* UITextField+styled.m in Sources */,
				C5EEA2ECCE69B6CBF0D20BA6 /* BaseController.m in Sources */,
				C5EEA3D1EFA2848BAA028E53 /* UIButton+styled.m in Sources */,
				C5EEAD7DA53655763EF20965 /* UIScreen+customed.m in Sources */,
				C5EEA02ADD33548D359371DD /* WelcomController.m in Sources */,
				4EBCE6B0212A595B00A0672D /* ForgotViewController.m in Sources */,
				C5EEA83B50B6C4A767E00729 /* UIControl+customed.m in Sources */,
				C5EEA9F6FFD32D08ABB00CE8 /* UIView+customed.m in Sources */,
				C5EEA77FC67A0537194AE788 /* StudentController.m in Sources */,
				C5EEA97A363C02981633699C /* StackLayout.m in Sources */,
				C5EEAE3B78A71516A252C86F /* StackLayoutItem.m in Sources */,
				C5EEA5EB7EC226DCBF96A2BA /* UIImageView+customed.m in Sources */,
				4EBCE6C8212D0DF000A0672D /* MagazineTableViewCell.m in Sources */,
				4EBCE6BB212AACE600A0672D /* NoticeViewController.m in Sources */,
				4EBCE6B4212A5E1000A0672D /* NoIntenetViewController.m in Sources */,
				C5EEA70CAD83A3FEE9B6BD2C /* UILabel+customed.m in Sources */,
				C5EEA2B81C84D4F3EDB29C44 /* NSMutableAttributedString+customed.m in Sources */,
				C5EEAA269C87F480239BF21E /* TapGesture.m in Sources */,
				C5EEA2BA0180646BF8FF57BF /* Platform.m in Sources */,
				C5EEA01D497543752B092927 /* UIImage+customed.m in Sources */,
				4EBCE6DB212D6D8600A0672D /* ResetPwdViewController.m in Sources */,
				C5EEA58E4CCF4C3F8599B771 /* MASConstraintMaker+myextend.m in Sources */,
				C5EEAB41E3778F15DF2278B3 /* RegController.m in Sources */,
				C5EEAF6A040452F10D489279 /* NSString+myextend.m in Sources */,
				C5EEA1CB9C55E45C1CF0F710 /* UIUtil.m in Sources */,
				4EBCE6C1212BF76500A0672D /* ContactViewController.m in Sources */,
				C5EEA2763E400C04C2570656 /* Http.m in Sources */,
				C5EEA409953B93D9D6261C83 /* Async.m in Sources */,
			);
			runOnlyForDeploymentPostprocessing = 0;
		};
/* End PBXSourcesBuildPhase section */

/* Begin PBXVariantGroup section */
		BFCE80B62123CB59008F3A7F /* Localizable.strings */ = {
			isa = PBXVariantGroup;
			children = (
				BFCE80B52123CB59008F3A7F /* zh-Hans */,
				BFCE80B72123CB61008F3A7F /* en */,
			);
			name = Localizable.strings;
			path = dentist;
			sourceTree = "<group>";
		};
/* End PBXVariantGroup section */

/* Begin XCBuildConfiguration section */
		574B3A32212338E100C37095 /* Debug */ = {
			isa = XCBuildConfiguration;
			buildSettings = {
				ALWAYS_SEARCH_USER_PATHS = NO;
				CLANG_ANALYZER_LOCALIZABILITY_NONLOCALIZED = YES;
				CLANG_ANALYZER_NONNULL = YES;
				CLANG_ANALYZER_NUMBER_OBJECT_CONVERSION = YES_AGGRESSIVE;
				CLANG_CXX_LANGUAGE_STANDARD = "gnu++14";
				CLANG_CXX_LIBRARY = "libc++";
				CLANG_ENABLE_MODULES = YES;
				CLANG_ENABLE_OBJC_ARC = YES;
				CLANG_ENABLE_OBJC_WEAK = YES;
				CLANG_WARN_BLOCK_CAPTURE_AUTORELEASING = YES;
				CLANG_WARN_BOOL_CONVERSION = YES;
				CLANG_WARN_COMMA = YES;
				CLANG_WARN_CONSTANT_CONVERSION = YES;
				CLANG_WARN_DEPRECATED_OBJC_IMPLEMENTATIONS = YES;
				CLANG_WARN_DIRECT_OBJC_ISA_USAGE = YES_ERROR;
				CLANG_WARN_DOCUMENTATION_COMMENTS = YES;
				CLANG_WARN_EMPTY_BODY = YES;
				CLANG_WARN_ENUM_CONVERSION = YES;
				CLANG_WARN_INFINITE_RECURSION = YES;
				CLANG_WARN_INT_CONVERSION = YES;
				CLANG_WARN_NON_LITERAL_NULL_CONVERSION = YES;
				CLANG_WARN_OBJC_IMPLICIT_RETAIN_SELF = YES;
				CLANG_WARN_OBJC_LITERAL_CONVERSION = YES;
				CLANG_WARN_OBJC_ROOT_CLASS = YES_ERROR;
				CLANG_WARN_RANGE_LOOP_ANALYSIS = YES;
				CLANG_WARN_STRICT_PROTOTYPES = YES;
				CLANG_WARN_SUSPICIOUS_MOVE = YES;
				CLANG_WARN_UNGUARDED_AVAILABILITY = YES_AGGRESSIVE;
				CLANG_WARN_UNREACHABLE_CODE = YES;
				CLANG_WARN__DUPLICATE_METHOD_MATCH = YES;
				CODE_SIGN_IDENTITY = "iPhone Developer";
				COPY_PHASE_STRIP = NO;
				DEBUG_INFORMATION_FORMAT = dwarf;
				ENABLE_STRICT_OBJC_MSGSEND = YES;
				ENABLE_TESTABILITY = YES;
				GCC_C_LANGUAGE_STANDARD = gnu11;
				GCC_DYNAMIC_NO_PIC = NO;
				GCC_NO_COMMON_BLOCKS = YES;
				GCC_OPTIMIZATION_LEVEL = 0;
				GCC_PREPROCESSOR_DEFINITIONS = (
					"DEBUG=1",
					"$(inherited)",
				);
				GCC_WARN_64_TO_32_BIT_CONVERSION = YES;
				GCC_WARN_ABOUT_RETURN_TYPE = YES_ERROR;
				GCC_WARN_UNDECLARED_SELECTOR = YES;
				GCC_WARN_UNINITIALIZED_AUTOS = YES_AGGRESSIVE;
				GCC_WARN_UNUSED_FUNCTION = YES;
				GCC_WARN_UNUSED_VARIABLE = YES;
				IPHONEOS_DEPLOYMENT_TARGET = 8.0;
				MTL_ENABLE_DEBUG_INFO = YES;
				ONLY_ACTIVE_ARCH = YES;
				SDKROOT = iphoneos;
			};
			name = Debug;
		};
		574B3A33212338E100C37095 /* Release */ = {
			isa = XCBuildConfiguration;
			buildSettings = {
				ALWAYS_SEARCH_USER_PATHS = NO;
				CLANG_ANALYZER_LOCALIZABILITY_NONLOCALIZED = YES;
				CLANG_ANALYZER_NONNULL = YES;
				CLANG_ANALYZER_NUMBER_OBJECT_CONVERSION = YES_AGGRESSIVE;
				CLANG_CXX_LANGUAGE_STANDARD = "gnu++14";
				CLANG_CXX_LIBRARY = "libc++";
				CLANG_ENABLE_MODULES = YES;
				CLANG_ENABLE_OBJC_ARC = YES;
				CLANG_ENABLE_OBJC_WEAK = YES;
				CLANG_WARN_BLOCK_CAPTURE_AUTORELEASING = YES;
				CLANG_WARN_BOOL_CONVERSION = YES;
				CLANG_WARN_COMMA = YES;
				CLANG_WARN_CONSTANT_CONVERSION = YES;
				CLANG_WARN_DEPRECATED_OBJC_IMPLEMENTATIONS = YES;
				CLANG_WARN_DIRECT_OBJC_ISA_USAGE = YES_ERROR;
				CLANG_WARN_DOCUMENTATION_COMMENTS = YES;
				CLANG_WARN_EMPTY_BODY = YES;
				CLANG_WARN_ENUM_CONVERSION = YES;
				CLANG_WARN_INFINITE_RECURSION = YES;
				CLANG_WARN_INT_CONVERSION = YES;
				CLANG_WARN_NON_LITERAL_NULL_CONVERSION = YES;
				CLANG_WARN_OBJC_IMPLICIT_RETAIN_SELF = YES;
				CLANG_WARN_OBJC_LITERAL_CONVERSION = YES;
				CLANG_WARN_OBJC_ROOT_CLASS = YES_ERROR;
				CLANG_WARN_RANGE_LOOP_ANALYSIS = YES;
				CLANG_WARN_STRICT_PROTOTYPES = YES;
				CLANG_WARN_SUSPICIOUS_MOVE = YES;
				CLANG_WARN_UNGUARDED_AVAILABILITY = YES_AGGRESSIVE;
				CLANG_WARN_UNREACHABLE_CODE = YES;
				CLANG_WARN__DUPLICATE_METHOD_MATCH = YES;
				CODE_SIGN_IDENTITY = "iPhone Developer";
				COPY_PHASE_STRIP = NO;
				DEBUG_INFORMATION_FORMAT = "dwarf-with-dsym";
				ENABLE_NS_ASSERTIONS = NO;
				ENABLE_STRICT_OBJC_MSGSEND = YES;
				GCC_C_LANGUAGE_STANDARD = gnu11;
				GCC_NO_COMMON_BLOCKS = YES;
				GCC_WARN_64_TO_32_BIT_CONVERSION = YES;
				GCC_WARN_ABOUT_RETURN_TYPE = YES_ERROR;
				GCC_WARN_UNDECLARED_SELECTOR = YES;
				GCC_WARN_UNINITIALIZED_AUTOS = YES_AGGRESSIVE;
				GCC_WARN_UNUSED_FUNCTION = YES;
				GCC_WARN_UNUSED_VARIABLE = YES;
				IPHONEOS_DEPLOYMENT_TARGET = 8.0;
				MTL_ENABLE_DEBUG_INFO = NO;
				SDKROOT = iphoneos;
				VALIDATE_PRODUCT = YES;
			};
			name = Release;
		};
		574B3A35212338E100C37095 /* Debug */ = {
			isa = XCBuildConfiguration;
			baseConfigurationReference = 68B426216C681447B0595866 /* Pods-dentist.debug.xcconfig */;
			buildSettings = {
				ASSETCATALOG_COMPILER_APPICON_NAME = AppIcon;
				CODE_SIGN_IDENTITY = "iPhone Distribution: YANG ENTAO (HPA69P8D2K)";
				CODE_SIGN_STYLE = Manual;
				DEVELOPMENT_TEAM = HPA69P8D2K;
				GCC_PRECOMPILE_PREFIX_HEADER = YES;
				GCC_PREFIX_HEADER = dentist/common/PrefixHeader.pch;
				INFOPLIST_FILE = dentist/Info.plist;
				IPHONEOS_DEPLOYMENT_TARGET = 9.0;
				LD_RUNPATH_SEARCH_PATHS = (
					"$(inherited)",
					"@executable_path/Frameworks",
				);
				PRODUCT_BUNDLE_IDENTIFIER = com.thenextmediagroup.dentist;
				PRODUCT_NAME = "$(TARGET_NAME)";
				PROVISIONING_PROFILE = "94b4c147-bcfa-4c15-a229-e13fb3531597";
				PROVISIONING_PROFILE_SPECIFIER = adhoc_profile;
				TARGETED_DEVICE_FAMILY = 1;
			};
			name = Debug;
		};
		574B3A36212338E100C37095 /* Release */ = {
			isa = XCBuildConfiguration;
			baseConfigurationReference = AAE9264107E7A868D6D5EAB3 /* Pods-dentist.release.xcconfig */;
			buildSettings = {
				ASSETCATALOG_COMPILER_APPICON_NAME = AppIcon;
				CODE_SIGN_IDENTITY = "iPhone Distribution: YANG ENTAO (HPA69P8D2K)";
				CODE_SIGN_STYLE = Manual;
				DEVELOPMENT_TEAM = HPA69P8D2K;
				GCC_PRECOMPILE_PREFIX_HEADER = YES;
				GCC_PREFIX_HEADER = dentist/common/PrefixHeader.pch;
				INFOPLIST_FILE = dentist/Info.plist;
				IPHONEOS_DEPLOYMENT_TARGET = 9.0;
				LD_RUNPATH_SEARCH_PATHS = (
					"$(inherited)",
					"@executable_path/Frameworks",
				);
				PRODUCT_BUNDLE_IDENTIFIER = com.thenextmediagroup.dentist;
				PRODUCT_NAME = "$(TARGET_NAME)";
				PROVISIONING_PROFILE = "94b4c147-bcfa-4c15-a229-e13fb3531597";
				PROVISIONING_PROFILE_SPECIFIER = adhoc_profile;
				TARGETED_DEVICE_FAMILY = 1;
			};
			name = Release;
		};
/* End XCBuildConfiguration section */

/* Begin XCConfigurationList section */
		574B3A19212338DF00C37095 /* Build configuration list for PBXProject "dentist" */ = {
			isa = XCConfigurationList;
			buildConfigurations = (
				574B3A32212338E100C37095 /* Debug */,
				574B3A33212338E100C37095 /* Release */,
			);
			defaultConfigurationIsVisible = 0;
			defaultConfigurationName = Release;
		};
		574B3A34212338E100C37095 /* Build configuration list for PBXNativeTarget "dentist" */ = {
			isa = XCConfigurationList;
			buildConfigurations = (
				574B3A35212338E100C37095 /* Debug */,
				574B3A36212338E100C37095 /* Release */,
			);
			defaultConfigurationIsVisible = 0;
			defaultConfigurationName = Release;
		};
/* End XCConfigurationList section */
	};
	rootObject = 574B3A16212338DF00C37095 /* Project object */;
}
